{
  "lockfile_version": "1",
  "packages": {
    "dotnet-ef@10.0.2": {
      "last_modified": "2026-02-23T15:40:43Z",
      "resolved": "github:NixOS/nixpkgs/80d901ec0377e19ac3f7bb8c035201e2e098cc97#dotnet-ef",
      "source": "devbox-search",
      "version": "10.0.2",
      "systems": {
        "aarch64-darwin": {
          "outputs": [
            {
              "name": "out",
              "path": "/nix/store/pdvmq5fs4qlpd3asa3fykxx7aqs0gxmm-dotnet-ef-10.0.2",
              "default": true
            }
          ],
          "store_path": "/nix/store/pdvmq5fs4qlpd3asa3fykxx7aqs0gxmm-dotnet-ef-10.0.2"
        },
        "aarch64-linux": {
          "outputs": [
            {
              "name": "out",
              "path": "/nix/store/4k0avn48h8rlic36xllrdidlnq0r20w9-dotnet-ef-10.0.2",
              "default": true
            }
          ],
          "store_path": "/nix/store/4k0avn48h8rlic36xllrdidlnq0r20w9-dotnet-ef-10.0.2"
        },
        "x86_64-darwin": {
          "outputs": [
            {
              "name": "out",
              "path": "/nix/store/wbrpxz23szbzxn3vwqbb6jkwyqgdl6xm-dotnet-ef-10.0.2",
              "default": true
            }
          ],
          "store_path": "/nix/store/wbrpxz23szbzxn3vwqbb6jkwyqgdl6xm-dotnet-ef-10.0.2"
        },
        "x86_64-linux": {
          "outputs": [
            {
              "name": "out",
              "path": "/nix/store/6g7awc8yi82603pwa3p2gz3y1pafsv0s-dotnet-ef-10.0.2",
              "default": true
            }
          ],
          "store_path": "/nix/store/6g7awc8yi82603pwa3p2gz3y1pafsv0s-dotnet-ef-10.0.2"
        }
      }
    },
    "dotnet-sdk_10@10.0.103": {
      "last_modified": "2026-02-23T15:40:43Z",
      "resolved": "github:NixOS/nixpkgs/80d901ec0377e19ac3f7bb8c035201e2e098cc97#dotnet-sdk_10",
      "source": "devbox-search",
      "version": "10.0.103",
      "systems": {
        "aarch64-darwin": {
          "outputs": [
            {
              "name": "out",
              "path": "/nix/store/w8gdd9fppyh388dyaq8s230aam64rh3n-dotnet-sdk-wrapped-10.0.103",
              "default": true
            },
            {
              "name": "man",
              "path": "/nix/store/zciz1j0mg540274w1ihjpsjjjzznksyv-dotnet-sdk-wrapped-10.0.103-man",
              "default": true
            }
          ],
          "store_path": "/nix/store/w8gdd9fppyh388dyaq8s230aam64rh3n-dotnet-sdk-wrapped-10.0.103"
        },
        "aarch64-linux": {
          "outputs": [
            {
              "name": "out",
              "path": "/nix/store/8kds4p0avmq68r44vn96am6jb87kc62g-dotnet-sdk-wrapped-10.0.103",
              "default": true
            },
            {
              "name": "man",
              "path": "/nix/store/pzdich6g9sxq07qhp70zflzdyli7da25-dotnet-sdk-wrapped-10.0.103-man",
              "default": true
            }
          ],
          "store_path": "/nix/store/8kds4p0avmq68r44vn96am6jb87kc62g-dotnet-sdk-wrapped-10.0.103"
        },
        "x86_64-darwin": {
          "outputs": [
            {
              "name": "out",
              "path": "/nix/store/w4bcabizrg1jiw5wdk5xh0ayy0sv5awr-dotnet-sdk-wrapped-10.0.103",
              "default": true
            }
          ],
          "store_path": "/nix/store/w4bcabizrg1jiw5wdk5xh0ayy0sv5awr-dotnet-sdk-wrapped-10.0.103"
        },
        "x86_64-linux": {
          "outputs": [
            {
              "name": "out",
              "path": "/nix/store/msq6k9knc3iq0arjw6pdq1vwliqnrc7z-dotnet-sdk-wrapped-10.0.103",
              "default": true
            },
            {
              "name": "man",
              "path": "/nix/store/vwxckhxy6828whvah9as1rpfrnxxis77-dotnet-sdk-wrapped-10.0.103-man",
              "default": true
            }
          ],
          "store_path": "/nix/store/msq6k9knc3iq0arjw6pdq1vwliqnrc7z-dotnet-sdk-wrapped-10.0.103"
        }
      }
    },
    "github:NixOS/nixpkgs/nixpkgs-unstable": {
      "last_modified": "2025-08-28T02:45:43Z",
      "resolved": "github:NixOS/nixpkgs/c3e5d9f86b3f5678d0d8c9f0b9f081ab1ccdbe05?lastModified=1756349143&narHash=sha256-65oRt2D57ST5Gsa2Q4WCtpgCmKHEWt4%2BCQ1chWQ3Fos%3D"
    },
    "nodejs@24.5.0": {
      "last_modified": "2025-08-10T04:38:50Z",
      "plugin_version": "0.0.2",
      "resolved": "github:NixOS/nixpkgs/641d909c4a7538f1539da9240dedb1755c907e40#nodejs_24",
      "source": "devbox-search",
      "version": "24.5.0",
      "systems": {
        "aarch64-darwin": {
          "outputs": [
            {
              "name": "out",
              "path": "/nix/store/b1j05q96hwagn787p2jlgqcjg2nf5x49-nodejs-24.5.0",
              "default": true
            },
            {
              "name": "dev",
              "path": "/nix/store/j6ayg4xpqy9xdxgrhpqylzq8v7v07c6r-nodejs-24.5.0-dev"
            },
            {
              "name": "libv8",
              "path": "/nix/store/3ys6v5s5gvd9snwnl4saynl6av7mz3vy-nodejs-24.5.0-libv8"
            }
          ],
          "store_path": "/nix/store/b1j05q96hwagn787p2jlgqcjg2nf5x49-nodejs-24.5.0"
        },
        "aarch64-linux": {
          "outputs": [
            {
              "name": "out",
              "path": "/nix/store/1kn0vh4gf3a22arldrw694apq3fhgp15-nodejs-24.5.0",
              "default": true
            },
            {
              "name": "dev",
              "path": "/nix/store/i3lqaj3j6znhnzh8ayka6q85r81ppxnw-nodejs-24.5.0-dev"
            },
            {
              "name": "libv8",
              "path": "/nix/store/jjw6xgmg6qynp336g9igqnzlfbhzxr2i-nodejs-24.5.0-libv8"
            }
          ],
          "store_path": "/nix/store/1kn0vh4gf3a22arldrw694apq3fhgp15-nodejs-24.5.0"
        },
        "x86_64-darwin": {
          "outputs": [
            {
              "name": "out",
              "path": "/nix/store/sbcg21wp4bdzyh2542v77sp535kvfbfq-nodejs-24.5.0",
              "default": true
            },
            {
              "name": "libv8",
              "path": "/nix/store/75b7iix0pbmxmfnmv90l3q0ll1gc75az-nodejs-24.5.0-libv8"
            },
            {
              "name": "dev",
              "path": "/nix/store/fg7pi9s6m0spci1pfqbny0kxmk832i3r-nodejs-24.5.0-dev"
            }
          ],
          "store_path": "/nix/store/sbcg21wp4bdzyh2542v77sp535kvfbfq-nodejs-24.5.0"
        },
        "x86_64-linux": {
          "outputs": [
            {
              "name": "out",
              "path": "/nix/store/357id3rjy9417k4dkvxxmpgd9bxrwc7l-nodejs-24.5.0",
              "default": true
            },
            {
              "name": "dev",
              "path": "/nix/store/0drh8jjq84sji6889l2k3ysmvy7sc9sg-nodejs-24.5.0-dev"
            },
            {
              "name": "libv8",
              "path": "/nix/store/kdlv4q7sgap0z43cylklhxz1g1q7751b-nodejs-24.5.0-libv8"
            }
          ],
          "store_path": "/nix/store/357id3rjy9417k4dkvxxmpgd9bxrwc7l-nodejs-24.5.0"
        }
      }
    }
  }
}
